
Microsoft Visual Studio Solution File, Format Version 12.00
# Visual Studio Version 17
VisualStudioVersion = 17.6.33712.159
MinimumVisualStudioVersion = 10.0.40219.1
Project("{F184B08F-C81C-45F6-A57F-5ABD9991F28F}") = "FFXIV_SUPPORT_GAMEPAD", "FFXIV_SUPPORT_GAMEPAD\FFXIV_SUPPORT_GAMEPAD.vbproj", "{D5021ED1-E3DE-4290-9B5A-EB51D42DC35E}"
EndProject
Global
	GlobalSection(SolutionConfigurationPlatforms) = preSolution
		Debug|Any CPU = Debug|Any CPU
		Release|Any CPU = Release|Any CPU
	EndGlobalSection
	GlobalSection(ProjectConfigurationPlatforms) = postSolution
		{D5021ED1-E3DE-4290-9B5A-EB51D42DC35E}.Debug|Any CPU.ActiveCfg = Debug|Any CPU
		{D5021ED1-E3DE-4290-9B5A-EB51D42DC35E}.Debug|Any CPU.Build.0 = Debug|Any CPU
		{D5021ED1-E3DE-4290-9B5A-EB51D42DC35E}.Release|Any CPU.ActiveCfg = Release|Any CPU
		{D5021ED1-E3DE-4290-9B5A-EB51D42DC35E}.Release|Any CPU.Build.0 = Release|Any CPU
	EndGlobalSection
	GlobalSection(SolutionProperties) = preSolution
		HideSolutionNode = FALSE
	EndGlobalSection
	GlobalSection(ExtensibilityGlobals) = postSolution
		SolutionGuid = {E97BC74B-1CD3-46CE-B02B-2F5D0D0FEE82}
	EndGlobalSection
EndGlobal
